
Microsoft Visual Studio Solution File, Format Version 12.00
# Visual Studio Version 17
VisualStudioVersion = 17.8.34309.116
MinimumVisualStudioVersion = 10.0.40219.1
Project("{FAE04EC0-301F-11D3-BF4B-00C04F79EFBC}") = "ConsoleApp37", "ConsoleApp37\ConsoleApp37.csproj", "{6ACEA9CF-5698-4D51-801E-6A654548550C}"
EndProject
Global
	GlobalSection(SolutionConfigurationPlatforms) = preSolution
		Debug|Any CPU = Debug|Any CPU
		Release|Any CPU = Release|Any CPU
	EndGlobalSection
	GlobalSection(ProjectConfigurationPlatforms) = postSolution
		{6ACEA9CF-5698-4D51-801E-6A654548550C}.Debug|Any CPU.ActiveCfg = Debug|Any CPU
		{6ACEA9CF-5698-4D51-801E-6A654548550C}.Debug|Any CPU.Build.0 = Debug|Any CPU
		{6ACEA9CF-5698-4D51-801E-6A654548550C}.Release|Any CPU.ActiveCfg = Release|Any CPU
		{6ACEA9CF-5698-4D51-801E-6A654548550C}.Release|Any CPU.Build.0 = Release|Any CPU
	EndGlobalSection
	GlobalSection(SolutionProperties) = preSolution
		HideSolutionNode = FALSE
	EndGlobalSection
	GlobalSection(ExtensibilityGlobals) = postSolution
		SolutionGuid = {504BEA39-8795-471B-8CCC-DBBBC67AF6F7}
	EndGlobalSection
EndGlobal
